
Microsoft Visual Studio Solution File, Format Version 12.00
# Visual Studio Version 17
VisualStudioVersion = 17.7.34221.43
MinimumVisualStudioVersion = 10.0.40219.1
Project("{FAE04EC0-301F-11D3-BF4B-00C04F79EFBC}") = "ElastoSystem", "ElastoSystem\ElastoSystem.csproj", "{354B0267-55F8-46E5-A0DA-FFC64AF5EC48}"
EndProject
Global
	GlobalSection(SolutionConfigurationPlatforms) = preSolution
		Debug|Any CPU = Debug|Any CPU
		Release|Any CPU = Release|Any CPU
	EndGlobalSection
	GlobalSection(ProjectConfigurationPlatforms) = postSolution
		{354B0267-55F8-46E5-A0DA-FFC64AF5EC48}.Debug|Any CPU.ActiveCfg = Debug|Any CPU
		{354B0267-55F8-46E5-A0DA-FFC64AF5EC48}.Debug|Any CPU.Build.0 = Debug|Any CPU
		{354B0267-55F8-46E5-A0DA-FFC64AF5EC48}.Release|Any CPU.ActiveCfg = Release|Any CPU
		{354B0267-55F8-46E5-A0DA-FFC64AF5EC48}.Release|Any CPU.Build.0 = Release|Any CPU
	EndGlobalSection
	GlobalSection(SolutionProperties) = preSolution
		HideSolutionNode = FALSE
	EndGlobalSection
	GlobalSection(ExtensibilityGlobals) = postSolution
		SolutionGuid = {0DF73685-7418-40A1-B93F-3F4E5DC690A5}
	EndGlobalSection
EndGlobal
